
Microsoft Visual Studio Solution File, Format Version 11.00
# Visual Studio 2010
Project("{FAE04EC0-301F-11D3-BF4B-00C04F79EFBC}") = "Beihilfe.Desktop", "Beihilfe.Desktop\Beihilfe.Desktop.csproj", "{5F703D53-B80A-44DF-A08E-6BFA57F3F67D}"
EndProject
Project("{2150E333-8FDC-42A3-9474-1A3956D46DE8}") = ".nuget", ".nuget", "{25A60E33-0985-4FFD-9D76-53DED7A00839}"
	ProjectSection(SolutionItems) = preProject
		.nuget\NuGet.Config = .nuget\NuGet.Config
		.nuget\NuGet.exe = .nuget\NuGet.exe
		.nuget\NuGet.targets = .nuget\NuGet.targets
	EndProjectSection
EndProject
Project("{FAE04EC0-301F-11D3-BF4B-00C04F79EFBC}") = "Beihilfe.Infrastruktur", "Beihilfe.Infrastruktur\Beihilfe.Infrastruktur.csproj", "{D5075FD6-52E2-47CC-958C-4598F42A6B56}"
EndProject
Project("{FAE04EC0-301F-11D3-BF4B-00C04F79EFBC}") = "Beihilfe.Rechnung", "Beihilfe.Rechnung\Beihilfe.Rechnung.csproj", "{41CACD5E-B87E-4750-AA46-D9A2FA1448DD}"
EndProject
Global
	GlobalSection(SolutionConfigurationPlatforms) = preSolution
		Debug|Any CPU = Debug|Any CPU
		Debug|Mixed Platforms = Debug|Mixed Platforms
		Debug|x86 = Debug|x86
		Release|Any CPU = Release|Any CPU
		Release|Mixed Platforms = Release|Mixed Platforms
		Release|x86 = Release|x86
	EndGlobalSection
	GlobalSection(ProjectConfigurationPlatforms) = postSolution
		{5F703D53-B80A-44DF-A08E-6BFA57F3F67D}.Debug|Any CPU.ActiveCfg = Debug|x86
		{5F703D53-B80A-44DF-A08E-6BFA57F3F67D}.Debug|Mixed Platforms.ActiveCfg = Debug|x86
		{5F703D53-B80A-44DF-A08E-6BFA57F3F67D}.Debug|Mixed Platforms.Build.0 = Debug|x86
		{5F703D53-B80A-44DF-A08E-6BFA57F3F67D}.Debug|x86.ActiveCfg = Debug|x86
		{5F703D53-B80A-44DF-A08E-6BFA57F3F67D}.Debug|x86.Build.0 = Debug|x86
		{5F703D53-B80A-44DF-A08E-6BFA57F3F67D}.Release|Any CPU.ActiveCfg = Release|x86
		{5F703D53-B80A-44DF-A08E-6BFA57F3F67D}.Release|Mixed Platforms.ActiveCfg = Release|x86
		{5F703D53-B80A-44DF-A08E-6BFA57F3F67D}.Release|Mixed Platforms.Build.0 = Release|x86
		{5F703D53-B80A-44DF-A08E-6BFA57F3F67D}.Release|x86.ActiveCfg = Release|x86
		{5F703D53-B80A-44DF-A08E-6BFA57F3F67D}.Release|x86.Build.0 = Release|x86
		{D5075FD6-52E2-47CC-958C-4598F42A6B56}.Debug|Any CPU.ActiveCfg = Debug|Any CPU
		{D5075FD6-52E2-47CC-958C-4598F42A6B56}.Debug|Any CPU.Build.0 = Debug|Any CPU
		{D5075FD6-52E2-47CC-958C-4598F42A6B56}.Debug|Mixed Platforms.ActiveCfg = Debug|Any CPU
		{D5075FD6-52E2-47CC-958C-4598F42A6B56}.Debug|Mixed Platforms.Build.0 = Debug|Any CPU
		{D5075FD6-52E2-47CC-958C-4598F42A6B56}.Debug|x86.ActiveCfg = Debug|Any CPU
		{D5075FD6-52E2-47CC-958C-4598F42A6B56}.Release|Any CPU.ActiveCfg = Release|Any CPU
		{D5075FD6-52E2-47CC-958C-4598F42A6B56}.Release|Any CPU.Build.0 = Release|Any CPU
		{D5075FD6-52E2-47CC-958C-4598F42A6B56}.Release|Mixed Platforms.ActiveCfg = Release|Any CPU
		{D5075FD6-52E2-47CC-958C-4598F42A6B56}.Release|Mixed Platforms.Build.0 = Release|Any CPU
		{D5075FD6-52E2-47CC-958C-4598F42A6B56}.Release|x86.ActiveCfg = Release|Any CPU
		{41CACD5E-B87E-4750-AA46-D9A2FA1448DD}.Debug|Any CPU.ActiveCfg = Debug|Any CPU
		{41CACD5E-B87E-4750-AA46-D9A2FA1448DD}.Debug|Any CPU.Build.0 = Debug|Any CPU
		{41CACD5E-B87E-4750-AA46-D9A2FA1448DD}.Debug|Mixed Platforms.ActiveCfg = Debug|Any CPU
		{41CACD5E-B87E-4750-AA46-D9A2FA1448DD}.Debug|Mixed Platforms.Build.0 = Debug|Any CPU
		{41CACD5E-B87E-4750-AA46-D9A2FA1448DD}.Debug|x86.ActiveCfg = Debug|Any CPU
		{41CACD5E-B87E-4750-AA46-D9A2FA1448DD}.Release|Any CPU.ActiveCfg = Release|Any CPU
		{41CACD5E-B87E-4750-AA46-D9A2FA1448DD}.Release|Any CPU.Build.0 = Release|Any CPU
		{41CACD5E-B87E-4750-AA46-D9A2FA1448DD}.Release|Mixed Platforms.ActiveCfg = Release|Any CPU
		{41CACD5E-B87E-4750-AA46-D9A2FA1448DD}.Release|Mixed Platforms.Build.0 = Release|Any CPU
		{41CACD5E-B87E-4750-AA46-D9A2FA1448DD}.Release|x86.ActiveCfg = Release|Any CPU
	EndGlobalSection
	GlobalSection(SolutionProperties) = preSolution
		HideSolutionNode = FALSE
	EndGlobalSection
EndGlobal
